{
  "version": 4,
  "terraform_version": "1.2.8",
  "serial": 11,
  "lineage": "779625ae-56f3-20a0-47a6-755d5d992dc8",
  "outputs": {},
  "resources": [
    {
      "mode": "managed",
      "type": "azurerm_lb",
      "name": "app_balancer",
      "provider": "provider[\"registry.terraform.io/hashicorp/azurerm\"]",
      "instances": [
        {
          "schema_version": 0,
          "attributes": {
            "frontend_ip_configuration": [
              {
                "availability_zone": "No-Zone",
                "gateway_load_balancer_frontend_ip_configuration_id": "",
                "id": "/subscriptions/3d0e9868-07c1-46ce-be62-902533cf6509/resourceGroups/app-grp/providers/Microsoft.Network/loadBalancers/app-balancer/frontendIPConfigurations/frontend-ip",
                "inbound_nat_rules": [],
                "load_balancer_rules": [],
                "name": "frontend-ip",
                "outbound_rules": [],
                "private_ip_address": "",
                "private_ip_address_allocation": "Dynamic",
                "private_ip_address_version": "",
                "public_ip_address_id": "/subscriptions/3d0e9868-07c1-46ce-be62-902533cf6509/resourceGroups/app-grp/providers/Microsoft.Network/publicIPAddresses/load-ip",
                "public_ip_prefix_id": "",
                "subnet_id": "",
                "zones": []
              }
            ],
            "id": "/subscriptions/3d0e9868-07c1-46ce-be62-902533cf6509/resourceGroups/app-grp/providers/Microsoft.Network/loadBalancers/app-balancer",
            "location": "northeurope",
            "name": "app-balancer",
            "private_ip_address": "",
            "private_ip_addresses": [],
            "resource_group_name": "app-grp",
            "sku": "Standard",
            "sku_tier": "Regional",
            "tags": null,
            "timeouts": null
          },
          "sensitive_attributes": [],
          "private": "eyJlMmJmYjczMC1lY2FhLTExZTYtOGY4OC0zNDM2M2JjN2M0YzAiOnsiY3JlYXRlIjoxODAwMDAwMDAwMDAwLCJkZWxldGUiOjE4MDAwMDAwMDAwMDAsInJlYWQiOjMwMDAwMDAwMDAwMCwidXBkYXRlIjoxODAwMDAwMDAwMDAwfX0=",
          "dependencies": [
            "azurerm_public_ip.load_ip",
            "azurerm_resource_group.app_grp"
          ]
        }
      ]
    },
    {
      "mode": "managed",
      "type": "azurerm_lb_backend_address_pool",
      "name": "scalesetpool",
      "provider": "provider[\"registry.terraform.io/hashicorp/azurerm\"]",
      "instances": [
        {
          "schema_version": 0,
          "attributes": {
            "backend_address": [],
            "backend_ip_configurations": [],
            "id": "/subscriptions/3d0e9868-07c1-46ce-be62-902533cf6509/resourceGroups/app-grp/providers/Microsoft.Network/loadBalancers/app-balancer/backendAddressPools/scalesetpool",
            "load_balancing_rules": [],
            "loadbalancer_id": "/subscriptions/3d0e9868-07c1-46ce-be62-902533cf6509/resourceGroups/app-grp/providers/Microsoft.Network/loadBalancers/app-balancer",
            "name": "scalesetpool",
            "outbound_rules": [],
            "resource_group_name": "app-grp",
            "timeouts": null,
            "tunnel_interface": []
          },
          "sensitive_attributes": [],
          "private": "eyJlMmJmYjczMC1lY2FhLTExZTYtOGY4OC0zNDM2M2JjN2M0YzAiOnsiY3JlYXRlIjoxODAwMDAwMDAwMDAwLCJkZWxldGUiOjE4MDAwMDAwMDAwMDAsInJlYWQiOjMwMDAwMDAwMDAwMCwidXBkYXRlIjoxODAwMDAwMDAwMDAwfX0=",
          "dependencies": [
            "azurerm_lb.app_balancer",
            "azurerm_public_ip.load_ip",
            "azurerm_resource_group.app_grp"
          ]
        }
      ]
    },
    {
      "mode": "managed",
      "type": "azurerm_lb_probe",
      "name": "ProbeA",
      "provider": "provider[\"registry.terraform.io/hashicorp/azurerm\"]",
      "instances": [
        {
          "schema_version": 0,
          "attributes": {
            "id": "/subscriptions/3d0e9868-07c1-46ce-be62-902533cf6509/resourceGroups/app-grp/providers/Microsoft.Network/loadBalancers/app-balancer/probes/probeA",
            "interval_in_seconds": 15,
            "load_balancer_rules": [],
            "loadbalancer_id": "/subscriptions/3d0e9868-07c1-46ce-be62-902533cf6509/resourceGroups/app-grp/providers/Microsoft.Network/loadBalancers/app-balancer",
            "name": "probeA",
            "number_of_probes": 2,
            "port": 80,
            "protocol": "Tcp",
            "request_path": "",
            "resource_group_name": "app-grp",
            "timeouts": null
          },
          "sensitive_attributes": [],
          "private": "eyJlMmJmYjczMC1lY2FhLTExZTYtOGY4OC0zNDM2M2JjN2M0YzAiOnsiY3JlYXRlIjoxODAwMDAwMDAwMDAwLCJkZWxldGUiOjE4MDAwMDAwMDAwMDAsInJlYWQiOjMwMDAwMDAwMDAwMCwidXBkYXRlIjoxODAwMDAwMDAwMDAwfX0=",
          "dependencies": [
            "azurerm_lb.app_balancer",
            "azurerm_public_ip.load_ip",
            "azurerm_resource_group.app_grp"
          ]
        }
      ]
    },
    {
      "mode": "managed",
      "type": "azurerm_lb_rule",
      "name": "Rule1",
      "provider": "provider[\"registry.terraform.io/hashicorp/azurerm\"]",
      "instances": [
        {
          "schema_version": 0,
          "attributes": {
            "backend_address_pool_id": "/subscriptions/3d0e9868-07c1-46ce-be62-902533cf6509/resourceGroups/app-grp/providers/Microsoft.Network/loadBalancers/app-balancer/backendAddressPools/scalesetpool",
            "backend_address_pool_ids": [
              "/subscriptions/3d0e9868-07c1-46ce-be62-902533cf6509/resourceGroups/app-grp/providers/Microsoft.Network/loadBalancers/app-balancer/backendAddressPools/scalesetpool"
            ],
            "backend_port": 80,
            "disable_outbound_snat": false,
            "enable_floating_ip": false,
            "enable_tcp_reset": false,
            "frontend_ip_configuration_id": "/subscriptions/3d0e9868-07c1-46ce-be62-902533cf6509/resourceGroups/app-grp/providers/Microsoft.Network/loadBalancers/app-balancer/frontendIPConfigurations/frontend-ip",
            "frontend_ip_configuration_name": "frontend-ip",
            "frontend_port": 80,
            "id": "/subscriptions/3d0e9868-07c1-46ce-be62-902533cf6509/resourceGroups/app-grp/providers/Microsoft.Network/loadBalancers/app-balancer/loadBalancingRules/Rule1",
            "idle_timeout_in_minutes": 4,
            "load_distribution": "Default",
            "loadbalancer_id": "/subscriptions/3d0e9868-07c1-46ce-be62-902533cf6509/resourceGroups/app-grp/providers/Microsoft.Network/loadBalancers/app-balancer",
            "name": "Rule1",
            "probe_id": "",
            "protocol": "Tcp",
            "resource_group_name": "app-grp",
            "timeouts": null
          },
          "sensitive_attributes": [],
          "private": "eyJlMmJmYjczMC1lY2FhLTExZTYtOGY4OC0zNDM2M2JjN2M0YzAiOnsiY3JlYXRlIjoxODAwMDAwMDAwMDAwLCJkZWxldGUiOjE4MDAwMDAwMDAwMDAsInJlYWQiOjMwMDAwMDAwMDAwMCwidXBkYXRlIjoxODAwMDAwMDAwMDAwfX0=",
          "dependencies": [
            "azurerm_lb.app_balancer",
            "azurerm_lb_backend_address_pool.scalesetpool",
            "azurerm_public_ip.load_ip",
            "azurerm_resource_group.app_grp"
          ]
        }
      ]
    },
    {
      "mode": "managed",
      "type": "azurerm_public_ip",
      "name": "load_ip",
      "provider": "provider[\"registry.terraform.io/hashicorp/azurerm\"]",
      "instances": [
        {
          "schema_version": 0,
          "attributes": {
            "allocation_method": "Static",
            "availability_zone": "Zone-Redundant",
            "domain_name_label": null,
            "fqdn": null,
            "id": "/subscriptions/3d0e9868-07c1-46ce-be62-902533cf6509/resourceGroups/app-grp/providers/Microsoft.Network/publicIPAddresses/load-ip",
            "idle_timeout_in_minutes": 4,
            "ip_address": "20.67.139.160",
            "ip_tags": null,
            "ip_version": "IPv4",
            "location": "northeurope",
            "name": "load-ip",
            "public_ip_prefix_id": null,
            "resource_group_name": "app-grp",
            "reverse_fqdn": null,
            "sku": "Standard",
            "sku_tier": "Regional",
            "tags": null,
            "timeouts": null,
            "zones": []
          },
          "sensitive_attributes": [],
          "private": "eyJlMmJmYjczMC1lY2FhLTExZTYtOGY4OC0zNDM2M2JjN2M0YzAiOnsiY3JlYXRlIjoxODAwMDAwMDAwMDAwLCJkZWxldGUiOjE4MDAwMDAwMDAwMDAsInJlYWQiOjMwMDAwMDAwMDAwMCwidXBkYXRlIjoxODAwMDAwMDAwMDAwfX0=",
          "dependencies": [
            "azurerm_resource_group.app_grp"
          ]
        }
      ]
    },
    {
      "mode": "managed",
      "type": "azurerm_resource_group",
      "name": "app_grp",
      "provider": "provider[\"registry.terraform.io/hashicorp/azurerm\"]",
      "instances": [
        {
          "schema_version": 0,
          "attributes": {
            "id": "/subscriptions/3d0e9868-07c1-46ce-be62-902533cf6509/resourceGroups/app-grp",
            "location": "northeurope",
            "name": "app-grp",
            "tags": null,
            "timeouts": null
          },
          "sensitive_attributes": [],
          "private": "eyJlMmJmYjczMC1lY2FhLTExZTYtOGY4OC0zNDM2M2JjN2M0YzAiOnsiY3JlYXRlIjo1NDAwMDAwMDAwMDAwLCJkZWxldGUiOjU0MDAwMDAwMDAwMDAsInJlYWQiOjMwMDAwMDAwMDAwMCwidXBkYXRlIjo1NDAwMDAwMDAwMDAwfX0="
        }
      ]
    },
    {
      "mode": "managed",
      "type": "azurerm_subnet",
      "name": "SubnetA",
      "provider": "provider[\"registry.terraform.io/hashicorp/azurerm\"]",
      "instances": [
        {
          "schema_version": 0,
          "attributes": {
            "address_prefix": "10.0.1.0/24",
            "address_prefixes": [
              "10.0.1.0/24"
            ],
            "delegation": [],
            "enforce_private_link_endpoint_network_policies": false,
            "enforce_private_link_service_network_policies": false,
            "id": "/subscriptions/3d0e9868-07c1-46ce-be62-902533cf6509/resourceGroups/app-grp/providers/Microsoft.Network/virtualNetworks/Scale-network/subnets/SubnetOne",
            "name": "SubnetOne",
            "resource_group_name": "app-grp",
            "service_endpoint_policy_ids": null,
            "service_endpoints": null,
            "timeouts": null,
            "virtual_network_name": "Scale-network"
          },
          "sensitive_attributes": [],
          "private": "eyJlMmJmYjczMC1lY2FhLTExZTYtOGY4OC0zNDM2M2JjN2M0YzAiOnsiY3JlYXRlIjoxODAwMDAwMDAwMDAwLCJkZWxldGUiOjE4MDAwMDAwMDAwMDAsInJlYWQiOjMwMDAwMDAwMDAwMCwidXBkYXRlIjoxODAwMDAwMDAwMDAwfX0=",
          "dependencies": [
            "azurerm_resource_group.app_grp",
            "azurerm_virtual_network.app_network"
          ]
        }
      ]
    },
    {
      "mode": "managed",
      "type": "azurerm_virtual_network",
      "name": "app_network",
      "provider": "provider[\"registry.terraform.io/hashicorp/azurerm\"]",
      "instances": [
        {
          "schema_version": 0,
          "attributes": {
            "address_space": [
              "10.0.0.0/16"
            ],
            "bgp_community": "",
            "ddos_protection_plan": [],
            "dns_servers": [],
            "flow_timeout_in_minutes": 0,
            "guid": "da383358-119f-4b5e-ba83-2b16e101d8e0",
            "id": "/subscriptions/3d0e9868-07c1-46ce-be62-902533cf6509/resourceGroups/app-grp/providers/Microsoft.Network/virtualNetworks/Scale-network",
            "location": "northeurope",
            "name": "Scale-network",
            "resource_group_name": "app-grp",
            "subnet": [],
            "tags": null,
            "timeouts": null,
            "vm_protection_enabled": false
          },
          "sensitive_attributes": [],
          "private": "eyJlMmJmYjczMC1lY2FhLTExZTYtOGY4OC0zNDM2M2JjN2M0YzAiOnsiY3JlYXRlIjoxODAwMDAwMDAwMDAwLCJkZWxldGUiOjE4MDAwMDAwMDAwMDAsInJlYWQiOjMwMDAwMDAwMDAwMCwidXBkYXRlIjoxODAwMDAwMDAwMDAwfX0=",
          "dependencies": [
            "azurerm_resource_group.app_grp"
          ]
        }
      ]
    }
  ]
}
